{
    "_readme": [
        "This file locks the dependencies of your project to a known state",
        "Read more about it at https://getcomposer.org/doc/01-basic-usage.md#installing-dependencies",
        "This file is @generated automatically"
    ],
    "content-hash": "fc71cb9ffd86130a78474a1bb4da80c1",
    "packages": [
        {
            "name": "internal/toml",
            "version": "1.1.2",
            "source": {
                "type": "git",
                "url": "https://github.com/php-internal/toml.git",
                "reference": "c6b2769e7b8ff25a9667337767eff6ec7967405c"
            },
            "dist": {
                "type": "zip",
                "url": "https://api.github.com/repos/php-internal/toml/zipball/c6b2769e7b8ff25a9667337767eff6ec7967405c",
                "reference": "c6b2769e7b8ff25a9667337767eff6ec7967405c",
                "shasum": ""
            },
            "require": {
                "php": ">=8.1"
            },
            "require-dev": {
                "buggregator/trap": "^1.13",
                "internal/dload": "^1.11",
                "phpunit/phpunit": "^10.5",
                "spiral/code-style": "^2.3.0",
                "ta-tikoma/phpunit-architecture-test": "^0.8.5",
                "vimeo/psalm": "^6.13"
            },
            "type": "library",
            "autoload": {
                "psr-4": {
                    "Internal\\Toml\\": "src/"
                }
            },
            "notification-url": "https://packagist.org/downloads/",
            "license": [
                "BSD-3-Clause"
            ],
            "authors": [
                {
                    "name": "Aleksei Gagarin (roxblnfk)",
                    "homepage": "https://github.com/roxblnfk"
                }
            ],
            "description": "TOML 1.0/1.1 parser and encoder",
            "keywords": [
                "toml"
            ],
            "support": {
                "issues": "https://github.com/php-internal/toml/issues",
                "source": "https://github.com/php-internal/toml/tree/1.1.2"
            },
            "funding": [
                {
                    "url": "https://patreon.com/roxblnfk",
                    "type": "patreon"
                }
            ],
            "time": "2026-03-31T11:16:07+00:00"
        }
    ],
    "packages-dev": [],
    "aliases": [],
    "minimum-stability": "stable",
    "stability-flags": {},
    "prefer-stable": false,
    "prefer-lowest": false,
    "platform": {},
    "platform-dev": {},
    "plugin-api-version": "2.9.0"
}
