{
    "name": "devsense-php-ls",
    "lockfileVersion": 3,
    "requires": true,
    "packages": {
        "": {
            "dependencies": {
                "devsense-php-ls": "^1.0.19148"
            }
        },
        "node_modules/devsense-php-ls": {
            "version": "1.0.19148",
            "resolved": "https://registry.npmjs.org/devsense-php-ls/-/devsense-php-ls-1.0.19148.tgz",
            "integrity": "sha512-KSm9FrRI1PubLx61XUTV6qD0qq8kklRtFNYvDy94g6lAIx8WmgClhZtVk3Ho8ErtxdEE1i4m8ETPnCHDSyCYZA==",
            "cpu": [
                "x64",
                "arm64"
            ],
            "license": "ISC",
            "os": [
                "darwin",
                "linux",
                "win32"
            ],
            "bin": {
                "devsense-php-ls": "dist/index.js"
            },
            "funding": {
                "url": "https://www.devsense.com/purchase?from=npm"
            },
            "optionalDependencies": {
                "devsense-php-ls-darwin-arm64": "^1.0.19148",
                "devsense-php-ls-darwin-x64": "^1.0.19148",
                "devsense-php-ls-linux-arm64": "^1.0.19148",
                "devsense-php-ls-linux-musl-arm64": "^1.0.19148",
                "devsense-php-ls-linux-musl-x64": "^1.0.19148",
                "devsense-php-ls-linux-x64": "^1.0.19148",
                "devsense-php-ls-win32-arm64": "^1.0.19148",
                "devsense-php-ls-win32-x64": "^1.0.19148"
            }
        },
        "node_modules/devsense-php-ls-darwin-arm64": {
            "version": "1.0.19148",
            "resolved": "https://registry.npmjs.org/devsense-php-ls-darwin-arm64/-/devsense-php-ls-darwin-arm64-1.0.19148.tgz",
            "integrity": "sha512-uPOKmhZbhyxPBijjcHxqvC6CrfVS5qHVal6wkXy0mDjE8Td8YyUM/EObP+eIN3C+sXkuKRUcPWBIvmrVjb3aOw==",
            "cpu": [
                "arm64"
            ],
            "hasInstallScript": true,
            "license": "ISC",
            "optional": true,
            "os": [
                "darwin"
            ],
            "bin": {
                "devsense-php-ls": "dist/devsense.php.ls"
            }
        },
        "node_modules/devsense-php-ls-darwin-x64": {
            "version": "1.0.19148",
            "resolved": "https://registry.npmjs.org/devsense-php-ls-darwin-x64/-/devsense-php-ls-darwin-x64-1.0.19148.tgz",
            "integrity": "sha512-7G5DPoKWR/QRgIYE7TaE6YF8LSOETaMAQv5DDBz7++zqBOFTd7gJ6uWv8rautFulyk42IFtyK8hY7mPgBJKJ/Q==",
            "cpu": [
                "x64"
            ],
            "hasInstallScript": true,
            "license": "ISC",
            "optional": true,
            "os": [
                "darwin"
            ],
            "bin": {
                "devsense-php-ls": "dist/devsense.php.ls"
            }
        },
        "node_modules/devsense-php-ls-linux-arm64": {
            "version": "1.0.19148",
            "resolved": "https://registry.npmjs.org/devsense-php-ls-linux-arm64/-/devsense-php-ls-linux-arm64-1.0.19148.tgz",
            "integrity": "sha512-edSwx0I3v6nJnhNlzLeE39Ztdiror1wJYLW+IFJ7TjdBYU4k7FOOSfjT/5lTZ5r2sufReTvZiNaY55w4kuI+IA==",
            "cpu": [
                "arm64"
            ],
            "hasInstallScript": true,
            "libc": [
                "glibc"
            ],
            "license": "ISC",
            "optional": true,
            "os": [
                "linux"
            ],
            "bin": {
                "devsense-php-ls": "dist/devsense.php.ls"
            }
        },
        "node_modules/devsense-php-ls-linux-musl-arm64": {
            "version": "1.0.19148",
            "resolved": "https://registry.npmjs.org/devsense-php-ls-linux-musl-arm64/-/devsense-php-ls-linux-musl-arm64-1.0.19148.tgz",
            "integrity": "sha512-YIbnI/zk98SFXILZhA2NQ56Wdctp9wFO4Q4ShgNE2UEXCqnEbAemH5m/2tHwSlviEYKgCPfdX/QGfvMGz1QOhQ==",
            "cpu": [
                "arm64"
            ],
            "hasInstallScript": true,
            "libc": [
                "musl"
            ],
            "license": "ISC",
            "optional": true,
            "os": [
                "linux"
            ],
            "bin": {
                "devsense-php-ls": "dist/devsense.php.ls"
            }
        },
        "node_modules/devsense-php-ls-linux-musl-x64": {
            "version": "1.0.19148",
            "resolved": "https://registry.npmjs.org/devsense-php-ls-linux-musl-x64/-/devsense-php-ls-linux-musl-x64-1.0.19148.tgz",
            "integrity": "sha512-mSTISti7u+ZH42gPIxYM1c3K0zA6OhRIOZ8O4OegBpviXME9KnMrETwP3EKr4ej9EKPwVdtMB/xoXDbnc/AhPw==",
            "cpu": [
                "x64"
            ],
            "hasInstallScript": true,
            "libc": [
                "musl"
            ],
            "license": "ISC",
            "optional": true,
            "os": [
                "linux"
            ],
            "bin": {
                "devsense-php-ls": "dist/devsense.php.ls"
            }
        },
        "node_modules/devsense-php-ls-linux-x64": {
            "version": "1.0.19148",
            "resolved": "https://registry.npmjs.org/devsense-php-ls-linux-x64/-/devsense-php-ls-linux-x64-1.0.19148.tgz",
            "integrity": "sha512-FoSD7rhi4k/L6Ap4PznsA/zk4o9xtmNLdfxi3WRsWhT3bH2NdvMp3/W+3VZCQ5vhkqF3hDs12p1OOKn0RiPoww==",
            "cpu": [
                "x64"
            ],
            "hasInstallScript": true,
            "libc": [
                "glibc"
            ],
            "license": "ISC",
            "optional": true,
            "os": [
                "linux"
            ],
            "bin": {
                "devsense-php-ls": "dist/devsense.php.ls"
            }
        },
        "node_modules/devsense-php-ls-win32-arm64": {
            "version": "1.0.19148",
            "resolved": "https://registry.npmjs.org/devsense-php-ls-win32-arm64/-/devsense-php-ls-win32-arm64-1.0.19148.tgz",
            "integrity": "sha512-7HbwmpXPpopc8p52u5V4Gadrep1jwV4bMn+y+6otonRAl6KZPvXilZNBk7X+rMgvN7xblHjz8DFeZiGooH+TqQ==",
            "cpu": [
                "arm64"
            ],
            "license": "ISC",
            "optional": true,
            "os": [
                "win32"
            ],
            "bin": {
                "devsense-php-ls": "dist/blingfiretokdll.dll"
            }
        },
        "node_modules/devsense-php-ls-win32-x64": {
            "version": "1.0.19148",
            "resolved": "https://registry.npmjs.org/devsense-php-ls-win32-x64/-/devsense-php-ls-win32-x64-1.0.19148.tgz",
            "integrity": "sha512-6L7rtwuFpjuBF1GqMEKA2XCzTtBnCgzPEYb6aIl216jrSc1hwehMlhJYxex8CHYLm97QzckX2kx79plkzOrKBw==",
            "cpu": [
                "x64"
            ],
            "license": "ISC",
            "optional": true,
            "os": [
                "win32"
            ],
            "bin": {
                "devsense-php-ls": "dist/blingfiretokdll.dll"
            }
        }
    }
}
