{
    "name": "devsense-php-ls",
    "lockfileVersion": 3,
    "requires": true,
    "packages": {
        "": {
            "dependencies": {
                "devsense-php-ls": "^1.0.19173"
            }
        },
        "node_modules/devsense-php-ls": {
            "version": "1.0.19173",
            "resolved": "https://registry.npmjs.org/devsense-php-ls/-/devsense-php-ls-1.0.19173.tgz",
            "integrity": "sha512-XgxeskmHFkJg73oqThEcRMFTEmOz8/+516cpSXgdvoC9GxzqwsDm6KKLqs/bRMdHJalm1ngaUpJAOnJMXGvmAQ==",
            "cpu": [
                "x64",
                "arm64"
            ],
            "license": "ISC",
            "os": [
                "darwin",
                "linux",
                "win32"
            ],
            "bin": {
                "devsense-php-ls": "dist/index.js"
            },
            "funding": {
                "url": "https://www.devsense.com/purchase?from=npm"
            },
            "optionalDependencies": {
                "devsense-php-ls-darwin-arm64": "^1.0.19173",
                "devsense-php-ls-darwin-x64": "^1.0.19173",
                "devsense-php-ls-linux-arm64": "^1.0.19173",
                "devsense-php-ls-linux-musl-arm64": "^1.0.19173",
                "devsense-php-ls-linux-musl-x64": "^1.0.19173",
                "devsense-php-ls-linux-x64": "^1.0.19173",
                "devsense-php-ls-win32-arm64": "^1.0.19173",
                "devsense-php-ls-win32-x64": "^1.0.19173"
            }
        },
        "node_modules/devsense-php-ls-darwin-arm64": {
            "version": "1.0.19173",
            "resolved": "https://registry.npmjs.org/devsense-php-ls-darwin-arm64/-/devsense-php-ls-darwin-arm64-1.0.19173.tgz",
            "integrity": "sha512-/TxAg2JHvOSH3jtQYn4bCJqQ5t3Eil17SkGZh5Mad4o7i0oL+Mm+RCLoNcyNDX4r+smCXs1xKLG7IFacxHVFxA==",
            "cpu": [
                "arm64"
            ],
            "hasInstallScript": true,
            "license": "ISC",
            "optional": true,
            "os": [
                "darwin"
            ],
            "bin": {
                "devsense-php-ls": "dist/devsense.php.ls"
            }
        },
        "node_modules/devsense-php-ls-darwin-x64": {
            "version": "1.0.19173",
            "resolved": "https://registry.npmjs.org/devsense-php-ls-darwin-x64/-/devsense-php-ls-darwin-x64-1.0.19173.tgz",
            "integrity": "sha512-utmRgqJlwodNd6AAizuSkqKanQ5t8x1T3BS5OhP8EciwCLoY9iku7NzaaJghquqhDh5J/aA7Kpa4i7DsHUnBmA==",
            "cpu": [
                "x64"
            ],
            "hasInstallScript": true,
            "license": "ISC",
            "optional": true,
            "os": [
                "darwin"
            ],
            "bin": {
                "devsense-php-ls": "dist/devsense.php.ls"
            }
        },
        "node_modules/devsense-php-ls-linux-arm64": {
            "version": "1.0.19173",
            "resolved": "https://registry.npmjs.org/devsense-php-ls-linux-arm64/-/devsense-php-ls-linux-arm64-1.0.19173.tgz",
            "integrity": "sha512-u8fmuaG40hqjSzSavShoNnh6hVNyGBWD8w3J5clK0MPuvTpS8RgS8NJbUIIoIBNkRR//0Uo7Sv+l6jtufVkzCA==",
            "cpu": [
                "arm64"
            ],
            "hasInstallScript": true,
            "libc": [
                "glibc"
            ],
            "license": "ISC",
            "optional": true,
            "os": [
                "linux"
            ],
            "bin": {
                "devsense-php-ls": "dist/devsense.php.ls"
            }
        },
        "node_modules/devsense-php-ls-linux-musl-arm64": {
            "version": "1.0.19173",
            "resolved": "https://registry.npmjs.org/devsense-php-ls-linux-musl-arm64/-/devsense-php-ls-linux-musl-arm64-1.0.19173.tgz",
            "integrity": "sha512-nWroY7w9qp8OlU07j541GQXRSHn2CmafykKjLDP5DwAbf20OOFWLSEA8EQacx1Q/vwwQa5v66S0CUDE2GgF2VA==",
            "cpu": [
                "arm64"
            ],
            "hasInstallScript": true,
            "libc": [
                "musl"
            ],
            "license": "ISC",
            "optional": true,
            "os": [
                "linux"
            ],
            "bin": {
                "devsense-php-ls": "dist/devsense.php.ls"
            }
        },
        "node_modules/devsense-php-ls-linux-musl-x64": {
            "version": "1.0.19173",
            "resolved": "https://registry.npmjs.org/devsense-php-ls-linux-musl-x64/-/devsense-php-ls-linux-musl-x64-1.0.19173.tgz",
            "integrity": "sha512-VSCgFYyfXfWgDNB6g/Z1w6GixPk+ckAlgAGwVUVVC8ErmNdlwPm83cqepndh1L+m1f+tj2Hg6EcWTBw2xkMsDQ==",
            "cpu": [
                "x64"
            ],
            "hasInstallScript": true,
            "libc": [
                "musl"
            ],
            "license": "ISC",
            "optional": true,
            "os": [
                "linux"
            ],
            "bin": {
                "devsense-php-ls": "dist/devsense.php.ls"
            }
        },
        "node_modules/devsense-php-ls-linux-x64": {
            "version": "1.0.19173",
            "resolved": "https://registry.npmjs.org/devsense-php-ls-linux-x64/-/devsense-php-ls-linux-x64-1.0.19173.tgz",
            "integrity": "sha512-frge1nxLJm+PpSEiPNrAtSvxactQQDCxSqDChos6KtLpQbBiSyaxW7km03FODDK/zqvcTecUAp6D7OYRaZVlaA==",
            "cpu": [
                "x64"
            ],
            "hasInstallScript": true,
            "libc": [
                "glibc"
            ],
            "license": "ISC",
            "optional": true,
            "os": [
                "linux"
            ],
            "bin": {
                "devsense-php-ls": "dist/devsense.php.ls"
            }
        },
        "node_modules/devsense-php-ls-win32-arm64": {
            "version": "1.0.19173",
            "resolved": "https://registry.npmjs.org/devsense-php-ls-win32-arm64/-/devsense-php-ls-win32-arm64-1.0.19173.tgz",
            "integrity": "sha512-6Jb/n0GFo+V+6y/E45HgR4oXVfrEpP2Vcgsd88Fx2OXz/XgcZDRGnbquAfvBb57TqMy12cV/G19UqHPPnDgVWg==",
            "cpu": [
                "arm64"
            ],
            "license": "ISC",
            "optional": true,
            "os": [
                "win32"
            ],
            "bin": {
                "devsense-php-ls": "dist/blingfiretokdll.dll"
            }
        },
        "node_modules/devsense-php-ls-win32-x64": {
            "version": "1.0.19173",
            "resolved": "https://registry.npmjs.org/devsense-php-ls-win32-x64/-/devsense-php-ls-win32-x64-1.0.19173.tgz",
            "integrity": "sha512-xhkW6HlZV/alZ/aNan9mtTC17zjZcYv5zBpzfFSYkZMnY06OtHgJgg3jfGK0sUAoaYtd9e78CvDNDmPB1r7iAg==",
            "cpu": [
                "x64"
            ],
            "license": "ISC",
            "optional": true,
            "os": [
                "win32"
            ],
            "bin": {
                "devsense-php-ls": "dist/blingfiretokdll.dll"
            }
        }
    }
}
