{
    "name": "devsense-php-ls",
    "lockfileVersion": 3,
    "requires": true,
    "packages": {
        "": {
            "dependencies": {
                "devsense-php-ls": "^1.0.19264"
            }
        },
        "node_modules/devsense-php-ls": {
            "version": "1.0.19264",
            "resolved": "https://registry.npmjs.org/devsense-php-ls/-/devsense-php-ls-1.0.19264.tgz",
            "integrity": "sha512-hk7EX0cOSKLz9Sg9Q653NJ00lWaw4QZ6jdvI7pw41Rn+6bFIPfEK6d5Ziu7k1fOoI5NLTWBrqtR2pJxDO9+gmQ==",
            "cpu": [
                "x64",
                "arm64"
            ],
            "license": "ISC",
            "os": [
                "darwin",
                "linux",
                "win32"
            ],
            "bin": {
                "devsense-php-ls": "dist/index.js"
            },
            "funding": {
                "url": "https://www.devsense.com/purchase?from=npm"
            },
            "optionalDependencies": {
                "devsense-php-ls-darwin-arm64": "^1.0.19264",
                "devsense-php-ls-darwin-x64": "^1.0.19264",
                "devsense-php-ls-linux-arm64": "^1.0.19264",
                "devsense-php-ls-linux-musl-arm64": "^1.0.19264",
                "devsense-php-ls-linux-musl-x64": "^1.0.19264",
                "devsense-php-ls-linux-x64": "^1.0.19264",
                "devsense-php-ls-win32-arm64": "^1.0.19264",
                "devsense-php-ls-win32-x64": "^1.0.19264"
            }
        },
        "node_modules/devsense-php-ls-darwin-arm64": {
            "version": "1.0.19264",
            "resolved": "https://registry.npmjs.org/devsense-php-ls-darwin-arm64/-/devsense-php-ls-darwin-arm64-1.0.19264.tgz",
            "integrity": "sha512-Cev742CRZnmxnkCjtXJryf+Y9FwujCWuRqkHzAIMMuYDT260Acjuf4vAXWMq6JLoe02g488wSD/dgTwNurUIJw==",
            "cpu": [
                "arm64"
            ],
            "hasInstallScript": true,
            "license": "ISC",
            "optional": true,
            "os": [
                "darwin"
            ],
            "bin": {
                "devsense-php-ls": "dist/devsense.php.ls"
            }
        },
        "node_modules/devsense-php-ls-darwin-x64": {
            "version": "1.0.19264",
            "resolved": "https://registry.npmjs.org/devsense-php-ls-darwin-x64/-/devsense-php-ls-darwin-x64-1.0.19264.tgz",
            "integrity": "sha512-j3FxQZ6jjvCPq6HSenaG6d7MeeocOQGip/R4aAkuA4SxidRikKXFxrKVNJyrnDarPEMno11o331dfl1I1xglcg==",
            "cpu": [
                "x64"
            ],
            "hasInstallScript": true,
            "license": "ISC",
            "optional": true,
            "os": [
                "darwin"
            ],
            "bin": {
                "devsense-php-ls": "dist/devsense.php.ls"
            }
        },
        "node_modules/devsense-php-ls-linux-arm64": {
            "version": "1.0.19264",
            "resolved": "https://registry.npmjs.org/devsense-php-ls-linux-arm64/-/devsense-php-ls-linux-arm64-1.0.19264.tgz",
            "integrity": "sha512-ibM89tl1YvfSsEqpYwYomjwKEiR58DIhhsbGBj2Uuz81kRADErLCjkc4Y+XqEXiM0j1qGc96/eycG2cmht0gxQ==",
            "cpu": [
                "arm64"
            ],
            "hasInstallScript": true,
            "libc": [
                "glibc"
            ],
            "license": "ISC",
            "optional": true,
            "os": [
                "linux"
            ],
            "bin": {
                "devsense-php-ls": "dist/devsense.php.ls"
            }
        },
        "node_modules/devsense-php-ls-linux-musl-arm64": {
            "version": "1.0.19264",
            "resolved": "https://registry.npmjs.org/devsense-php-ls-linux-musl-arm64/-/devsense-php-ls-linux-musl-arm64-1.0.19264.tgz",
            "integrity": "sha512-eMDXsU34f3S55vcZ/rnZ+ayA6Nc9bWvpz/+38eQethEeRE17z8E3QEAgYyiHqyOgGmVa0bixwBrnFmO/r8Ae8A==",
            "cpu": [
                "arm64"
            ],
            "hasInstallScript": true,
            "libc": [
                "musl"
            ],
            "license": "ISC",
            "optional": true,
            "os": [
                "linux"
            ],
            "bin": {
                "devsense-php-ls": "dist/devsense.php.ls"
            }
        },
        "node_modules/devsense-php-ls-linux-musl-x64": {
            "version": "1.0.19264",
            "resolved": "https://registry.npmjs.org/devsense-php-ls-linux-musl-x64/-/devsense-php-ls-linux-musl-x64-1.0.19264.tgz",
            "integrity": "sha512-Ss71/XarP+gLAt0+WHyw3Tl171QibmcwyM0LFAXkMMV4BktbkUFqmvGq/Y+AzS1pa2xXaN/gx9QorxZ46vsOGQ==",
            "cpu": [
                "x64"
            ],
            "hasInstallScript": true,
            "libc": [
                "musl"
            ],
            "license": "ISC",
            "optional": true,
            "os": [
                "linux"
            ],
            "bin": {
                "devsense-php-ls": "dist/devsense.php.ls"
            }
        },
        "node_modules/devsense-php-ls-linux-x64": {
            "version": "1.0.19264",
            "resolved": "https://registry.npmjs.org/devsense-php-ls-linux-x64/-/devsense-php-ls-linux-x64-1.0.19264.tgz",
            "integrity": "sha512-BVrhYTf71Pg0PDcudCHJAoL6wcxUc5asvr+7MFasqpJUGZ5/VB2SHcnrt3eFOQDnwfbH5OBsO4wGR3xPOqbZ3Q==",
            "cpu": [
                "x64"
            ],
            "hasInstallScript": true,
            "libc": [
                "glibc"
            ],
            "license": "ISC",
            "optional": true,
            "os": [
                "linux"
            ],
            "bin": {
                "devsense-php-ls": "dist/devsense.php.ls"
            }
        },
        "node_modules/devsense-php-ls-win32-arm64": {
            "version": "1.0.19264",
            "resolved": "https://registry.npmjs.org/devsense-php-ls-win32-arm64/-/devsense-php-ls-win32-arm64-1.0.19264.tgz",
            "integrity": "sha512-WhNGVELiGj3dSkqAjJQedH7FdeVZTXXoVcKTCfQvdG6JRPKDWZqFuYkIW5Tmj6V2bKmqk6dxS95Ho8ZgIPmGJA==",
            "cpu": [
                "arm64"
            ],
            "license": "ISC",
            "optional": true,
            "os": [
                "win32"
            ],
            "bin": {
                "devsense-php-ls": "dist/blingfiretokdll.dll"
            }
        },
        "node_modules/devsense-php-ls-win32-x64": {
            "version": "1.0.19264",
            "resolved": "https://registry.npmjs.org/devsense-php-ls-win32-x64/-/devsense-php-ls-win32-x64-1.0.19264.tgz",
            "integrity": "sha512-ydZ2gfXBnI8WDNjYcThv1GQVgV6X7h6EY8/ymvNYhomX8fBLc8bWZth+3EtF0PUwvapo+ho+2AgBKiWuRdsdEQ==",
            "cpu": [
                "x64"
            ],
            "license": "ISC",
            "optional": true,
            "os": [
                "win32"
            ],
            "bin": {
                "devsense-php-ls": "dist/blingfiretokdll.dll"
            }
        }
    }
}
