{
    "_readme": [
        "This file locks the dependencies of your project to a known state",
        "Read more about it at https://getcomposer.org/doc/01-basic-usage.md#installing-dependencies",
        "This file is @generated automatically"
    ],
    "content-hash": "6ae3725c48f501f72ed2cc13f090fc33",
    "packages": [],
    "packages-dev": [
        {
            "name": "miropen/mir-php",
            "version": "v0.70.1",
            "source": {
                "type": "git",
                "url": "https://github.com/jorgsowa/mir.git",
                "reference": "aa0ef104588d4f5dd014a34f6aca5043eb72c54c"
            },
            "dist": {
                "type": "zip",
                "url": "https://api.github.com/repos/jorgsowa/mir/zipball/aa0ef104588d4f5dd014a34f6aca5043eb72c54c",
                "reference": "aa0ef104588d4f5dd014a34f6aca5043eb72c54c",
                "shasum": ""
            },
            "require": {
                "composer-plugin-api": "^2.0",
                "php": ">=8.1"
            },
            "require-dev": {
                "composer/composer": "^2.0"
            },
            "bin": [
                "composer/bin/mir"
            ],
            "type": "composer-plugin",
            "extra": {
                "class": "Mir\\Composer\\Plugin"
            },
            "autoload": {
                "psr-4": {
                    "Mir\\Composer\\": "composer/src/"
                }
            },
            "notification-url": "https://packagist.org/downloads/",
            "license": [
                "MIT"
            ],
            "description": "Fast static analyzer for PHP",
            "homepage": "https://github.com/jorgsowa/mir",
            "keywords": [
                "PHPStan",
                "analyzer",
                "php",
                "psalm",
                "static-analysis"
            ],
            "support": {
                "issues": "https://github.com/jorgsowa/mir/issues",
                "source": "https://github.com/jorgsowa/mir"
            },
            "time": "2026-08-06T10:59:07+00:00"
        }
    ],
    "aliases": [],
    "minimum-stability": "stable",
    "stability-flags": {},
    "prefer-stable": false,
    "prefer-lowest": false,
    "platform": {},
    "platform-dev": {},
    "plugin-api-version": "2.9.0"
}
